{
  "name": "Projeto Barbearia",
  "lockfileVersion": 3,
  "requires": true,
  "packages": {
    "": {
      "dependencies": {
        "jpa": "^1.0.0"
      }
    },
    "node_modules/jpa": {
      "version": "1.0.0",
      "resolved": "https://registry.npmjs.org/jpa/-/jpa-1.0.0.tgz",
      "integrity": "sha512-xRyZsM1yDt24gyz1uQ5UG1nOZyXY6YwTAJK/9vVOaj+nvxvrHrXhsl5wZ+5FxiBAwHiXhqnrV5R0u9Kvru6bXQ=="
    }
  }
}
